
Microsoft Visual Studio Solution File, Format Version 12.00
# Visual Studio Version 17
VisualStudioVersion = 17.5.33502.453
MinimumVisualStudioVersion = 10.0.40219.1
Project("{FAE04EC0-301F-11D3-BF4B-00C04F79EFBC}") = "PostLand.Domain", "PostLand.Domain\PostLand.Domain.csproj", "{D43A2EFC-1A72-4278-A0B7-17ECC31F3E8A}"
EndProject
Project("{2150E333-8FDC-42A3-9474-1A3956D46DE8}") = "src", "src", "{365C99A7-66D9-424D-BB4B-4882C224EA1D}"
EndProject
Project("{2150E333-8FDC-42A3-9474-1A3956D46DE8}") = "Coer", "Coer", "{4D87805A-531E-47D0-970B-08B1A891ABF4}"
EndProject
Project("{2150E333-8FDC-42A3-9474-1A3956D46DE8}") = "Ui", "Ui", "{99D40671-B1E8-4779-BAA8-AD65EE26B8C7}"
EndProject
Project("{2150E333-8FDC-42A3-9474-1A3956D46DE8}") = "Api", "Api", "{3E98CB5C-C49E-4D63-88A0-F0D959338F40}"
EndProject
Project("{2150E333-8FDC-42A3-9474-1A3956D46DE8}") = "Test", "Test", "{C4BDA872-67FA-4E43-ABB8-047F38D8E8BB}"
EndProject
Project("{FAE04EC0-301F-11D3-BF4B-00C04F79EFBC}") = "PostLand.Application", "PostLand.Application\PostLand.Application.csproj", "{F5DADE56-02DA-4650-854F-A97AC82DE570}"
EndProject
Project("{FAE04EC0-301F-11D3-BF4B-00C04F79EFBC}") = "PosTLand.Api", "PosTLand.Api\PosTLand.Api.csproj", "{EA5AD022-AF8B-46B5-B488-462A3305302D}"
EndProject
Project("{2150E333-8FDC-42A3-9474-1A3956D46DE8}") = "Infrastructure", "Infrastructure", "{5C9C2D69-23DA-4761-B5BC-58FD0DACB5A4}"
EndProject
Project("{FAE04EC0-301F-11D3-BF4B-00C04F79EFBC}") = "PostLand.Persistence", "PostLand.Persistence\PostLand.Persistence.csproj", "{F349878C-588F-43CD-B341-60B0780BEE10}"
EndProject
Global
	GlobalSection(SolutionConfigurationPlatforms) = preSolution
		Debug|Any CPU = Debug|Any CPU
		Release|Any CPU = Release|Any CPU
	EndGlobalSection
	GlobalSection(ProjectConfigurationPlatforms) = postSolution
		{D43A2EFC-1A72-4278-A0B7-17ECC31F3E8A}.Debug|Any CPU.ActiveCfg = Debug|Any CPU
		{D43A2EFC-1A72-4278-A0B7-17ECC31F3E8A}.Debug|Any CPU.Build.0 = Debug|Any CPU
		{D43A2EFC-1A72-4278-A0B7-17ECC31F3E8A}.Release|Any CPU.ActiveCfg = Release|Any CPU
		{D43A2EFC-1A72-4278-A0B7-17ECC31F3E8A}.Release|Any CPU.Build.0 = Release|Any CPU
		{F5DADE56-02DA-4650-854F-A97AC82DE570}.Debug|Any CPU.ActiveCfg = Debug|Any CPU
		{F5DADE56-02DA-4650-854F-A97AC82DE570}.Debug|Any CPU.Build.0 = Debug|Any CPU
		{F5DADE56-02DA-4650-854F-A97AC82DE570}.Release|Any CPU.ActiveCfg = Release|Any CPU
		{F5DADE56-02DA-4650-854F-A97AC82DE570}.Release|Any CPU.Build.0 = Release|Any CPU
		{EA5AD022-AF8B-46B5-B488-462A3305302D}.Debug|Any CPU.ActiveCfg = Debug|Any CPU
		{EA5AD022-AF8B-46B5-B488-462A3305302D}.Debug|Any CPU.Build.0 = Debug|Any CPU
		{EA5AD022-AF8B-46B5-B488-462A3305302D}.Release|Any CPU.ActiveCfg = Release|Any CPU
		{EA5AD022-AF8B-46B5-B488-462A3305302D}.Release|Any CPU.Build.0 = Release|Any CPU
		{F349878C-588F-43CD-B341-60B0780BEE10}.Debug|Any CPU.ActiveCfg = Debug|Any CPU
		{F349878C-588F-43CD-B341-60B0780BEE10}.Debug|Any CPU.Build.0 = Debug|Any CPU
		{F349878C-588F-43CD-B341-60B0780BEE10}.Release|Any CPU.ActiveCfg = Release|Any CPU
		{F349878C-588F-43CD-B341-60B0780BEE10}.Release|Any CPU.Build.0 = Release|Any CPU
	EndGlobalSection
	GlobalSection(SolutionProperties) = preSolution
		HideSolutionNode = FALSE
	EndGlobalSection
	GlobalSection(NestedProjects) = preSolution
		{D43A2EFC-1A72-4278-A0B7-17ECC31F3E8A} = {4D87805A-531E-47D0-970B-08B1A891ABF4}
		{4D87805A-531E-47D0-970B-08B1A891ABF4} = {365C99A7-66D9-424D-BB4B-4882C224EA1D}
		{99D40671-B1E8-4779-BAA8-AD65EE26B8C7} = {365C99A7-66D9-424D-BB4B-4882C224EA1D}
		{3E98CB5C-C49E-4D63-88A0-F0D959338F40} = {365C99A7-66D9-424D-BB4B-4882C224EA1D}
		{F5DADE56-02DA-4650-854F-A97AC82DE570} = {4D87805A-531E-47D0-970B-08B1A891ABF4}
		{EA5AD022-AF8B-46B5-B488-462A3305302D} = {3E98CB5C-C49E-4D63-88A0-F0D959338F40}
		{5C9C2D69-23DA-4761-B5BC-58FD0DACB5A4} = {365C99A7-66D9-424D-BB4B-4882C224EA1D}
		{F349878C-588F-43CD-B341-60B0780BEE10} = {5C9C2D69-23DA-4761-B5BC-58FD0DACB5A4}
	EndGlobalSection
	GlobalSection(ExtensibilityGlobals) = postSolution
		SolutionGuid = {4F08F33D-ACA4-4A25-B9D3-AF5FDEBFE3C7}
	EndGlobalSection
EndGlobal
